// !$*UTF8*$!
{
	archiveVersion = 1;
	classes = {
	};
	objectVersion = 50;
	objects = {

/* Begin PBXBuildFile section */
		FC8DFF6D26009BF000671E5E /* AppDelegate.swift in Sources */ = {isa = PBXBuildFile; fileRef = FC8DFF6C26009BF000671E5E /* AppDelegate.swift */; };
		FC8DFF6F26009BF000671E5E /* SceneDelegate.swift in Sources */ = {isa = PBXBuildFile; fileRef = FC8DFF6E26009BF000671E5E /* SceneDelegate.swift */; };
		FC8DFF7126009BF000671E5E /* ViewController.swift in Sources */ = {isa = PBXBuildFile; fileRef = FC8DFF7026009BF000671E5E /* ViewController.swift */; };
		FC8DFF7426009BF000671E5E /* Main.storyboard in Resources */ = {isa = PBXBuildFile; fileRef = FC8DFF7226009BF000671E5E /* Main.storyboard */; };
		FC8DFF7626009C0E00671E5E /* Assets.xcassets in Resources */ = {isa = PBXBuildFile; fileRef = FC8DFF7526009C0E00671E5E /* Assets.xcassets */; };
		FC8DFF7926009C0E00671E5E /* LaunchScreen.storyboard in Resources */ = {isa = PBXBuildFile; fileRef = FC8DFF7726009C0E00671E5E /* LaunchScreen.storyboard */; };
		FC8DFF832600A08D00671E5E /* CustomTableViewCell.swift in Sources */ = {isa = PBXBuildFile; fileRef = FC8DFF812600A08D00671E5E /* CustomTableViewCell.swift */; };
		FC8DFF842600A08D00671E5E /* CustomTableViewCell.xib in Resources */ = {isa = PBXBuildFile; fileRef = FC8DFF822600A08D00671E5E /* CustomTableViewCell.xib */; };
/* End PBXBuildFile section */

/* Begin PBXFileReference section */
		FC8DFF6926009BEF00671E5E /* Ibrahim.app */ = {isa = PBXFileReference; explicitFileType = wrapper.application; includeInIndex = 0; path = Ibrahim.app; sourceTree = BUILT_PRODUCTS_DIR; };
		FC8DFF6C26009BF000671E5E /* AppDelegate.swift */ = {isa = PBXFileReference; lastKnownFileType = sourcecode.swift; path = AppDelegate.swift; sourceTree = "<group>"; };
		FC8DFF6E26009BF000671E5E /* SceneDelegate.swift */ = {isa = PBXFileReference; lastKnownFileType = sourcecode.swift; path = SceneDelegate.swift; sourceTree = "<group>"; };
		FC8DFF7026009BF000671E5E /* ViewController.swift */ = {isa = PBXFileReference; lastKnownFileType = sourcecode.swift; path = ViewController.swift; sourceTree = "<group>"; };
		FC8DFF7326009BF000671E5E /* Base */ = {isa = PBXFileReference; lastKnownFileType = file.storyboard; name = Base; path = Base.lproj/Main.storyboard; sourceTree = "<group>"; };
		FC8DFF7526009C0E00671E5E /* Assets.xcassets */ = {isa = PBXFileReference; lastKnownFileType = folder.assetcatalog; path = Assets.xcassets; sourceTree = "<group>"; };
		FC8DFF7826009C0E00671E5E /* Base */ = {isa = PBXFileReference; lastKnownFileType = file.storyboard; name = Base; path = Base.lproj/LaunchScreen.storyboard; sourceTree = "<group>"; };
		FC8DFF7A26009C0E00671E5E /* Info.plist */ = {isa = PBXFileReference; lastKnownFileType = text.plist.xml; path = Info.plist; sourceTree = "<group>"; };
		FC8DFF812600A08D00671E5E /* CustomTableViewCell.swift */ = {isa = PBXFileReference; lastKnownFileType = sourcecode.swift; path = CustomTableViewCell.swift; sourceTree = "<group>"; };
		FC8DFF822600A08D00671E5E /* CustomTableViewCell.xib */ = {isa = PBXFileReference; lastKnownFileType = file.xib; path = CustomTableViewCell.xib; sourceTree = "<group>"; };
/* End PBXFileReference section */

/* Begin PBXFrameworksBuildPhase section */
		FC8DFF6626009BEE00671E5E /* Frameworks */ = {
			isa = PBXFrameworksBuildPhase;
			buildActionMask = 2147483647;
			files = (
			);
			runOnlyForDeploymentPostprocessing = 0;
		};
/* End PBXFrameworksBuildPhase section */

/* Begin PBXGroup section */
		FC8DFF6026009BEE00671E5E = {
			isa = PBXGroup;
			children = (
				FC8DFF6B26009BEF00671E5E /* Ibrahim */,
				FC8DFF6A26009BEF00671E5E /* Products */,
			);
			sourceTree = "<group>";
		};
		FC8DFF6A26009BEF00671E5E /* Products */ = {
			isa = PBXGroup;
			children = (
				FC8DFF6926009BEF00671E5E /* Ibrahim.app */,
			);
			name = Products;
			sourceTree = "<group>";
		};
		FC8DFF6B26009BEF00671E5E /* Ibrahim */ = {
			isa = PBXGroup;
			children = (
				FC8DFF6C26009BF000671E5E /* AppDelegate.swift */,
				FC8DFF6E26009BF000671E5E /* SceneDelegate.swift */,
				FC8DFF7026009BF000671E5E /* ViewController.swift */,
				FC8DFF7226009BF000671E5E /* Main.storyboard */,
				FC8DFF812600A08D00671E5E /* CustomTableViewCell.swift */,
				FC8DFF822600A08D00671E5E /* CustomTableViewCell.xib */,
				FC8DFF7526009C0E00671E5E /* Assets.xcassets */,
				FC8DFF7726009C0E00671E5E /* LaunchScreen.storyboard */,
				FC8DFF7A26009C0E00671E5E /* Info.plist */,
			);
			path = Ibrahim;
			sourceTree = "<group>";
		};
/* End PBXGroup section */

/* Begin PBXNativeTarget section */
		FC8DFF6826009BEE00671E5E /* Ibrahim */ = {
			isa = PBXNativeTarget;
			buildConfigurationList = FC8DFF7D26009C0E00671E5E /* Build configuration list for PBXNativeTarget "Ibrahim" */;
			buildPhases = (
				FC8DFF6526009BEE00671E5E /* Sources */,
				FC8DFF6626009BEE00671E5E /* Frameworks */,
				FC8DFF6726009BEE00671E5E /* Resources */,
			);
			buildRules = (
			);
			dependencies = (
			);
			name = Ibrahim;
			productName = Ibrahim;
			productReference = FC8DFF6926009BEF00671E5E /* Ibrahim.app */;
			productType = "com.apple.product-type.application";
		};
/* End PBXNativeTarget section */

/* Begin PBXProject section */
		FC8DFF6126009BEE00671E5E /* Project object */ = {
			isa = PBXProject;
			attributes = {
				LastSwiftUpdateCheck = 1240;
				LastUpgradeCheck = 1240;
				TargetAttributes = {
					FC8DFF6826009BEE00671E5E = {
						CreatedOnToolsVersion = 12.4;
					};
				};
			};
			buildConfigurationList = FC8DFF6426009BEE00671E5E /* Build configuration list for PBXProject "Ibrahim" */;
			compatibilityVersion = "Xcode 9.3";
			developmentRegion = en;
			hasScannedForEncodings = 0;
			knownRegions = (
				en,
				Base,
			);
			mainGroup = FC8DFF6026009BEE00671E5E;
			productRefGroup = FC8DFF6A26009BEF00671E5E /* Products */;
			projectDirPath = "";
			projectRoot = "";
			targets = (
				FC8DFF6826009BEE00671E5E /* Ibrahim */,
			);
		};
/* End PBXProject section */

/* Begin PBXResourcesBuildPhase section */
		FC8DFF6726009BEE00671E5E /* Resources */ = {
			isa = PBXResourcesBuildPhase;
			buildActionMask = 2147483647;
			files = (
				FC8DFF7926009C0E00671E5E /* LaunchScreen.storyboard in Resources */,
				FC8DFF7626009C0E00671E5E /* Assets.xcassets in Resources */,
				FC8DFF842600A08D00671E5E /* CustomTableViewCell.xib in Resources */,
				FC8DFF7426009BF000671E5E /* Main.storyboard in Resources */,
			);
			runOnlyForDeploymentPostprocessing = 0;
		};
/* End PBXResourcesBuildPhase section */

/* Begin PBXSourcesBuildPhase section */
		FC8DFF6526009BEE00671E5E /* Sources */ = {
			isa = PBXSourcesBuildPhase;
			buildActionMask = 2147483647;
			files = (
				FC8DFF7126009BF000671E5E /* ViewController.swift in Sources */,
				FC8DFF6D26009BF000671E5E /* AppDelegate.swift in Sources */,
				FC8DFF832600A08D00671E5E /* CustomTableViewCell.swift in Sources */,
				FC8DFF6F26009BF000671E5E /* SceneDelegate.swift in Sources */,
			);
			runOnlyForDeploymentPostprocessing = 0;
		};
/* End PBXSourcesBuildPhase section */

/* Begin PBXVariantGroup section */
		FC8DFF7226009BF000671E5E /* Main.storyboard */ = {
			isa = PBXVariantGroup;
			children = (
				FC8DFF7326009BF000671E5E /* Base */,
			);
			name = Main.storyboard;
			sourceTree = "<group>";
		};
		FC8DFF7726009C0E00671E5E /* LaunchScreen.storyboard */ = {
			isa = PBXVariantGroup;
			children = (
				FC8DFF7826009C0E00671E5E /* Base */,
			);
			name = LaunchScreen.storyboard;
			sourceTree = "<group>";
		};
/* End PBXVariantGroup section */

/* Begin XCBuildConfiguration section */
		FC8DFF7B26009C0E00671E5E /* Debug */ = {
			isa = XCBuildConfiguration;
			buildSettings = {
				ALWAYS_SEARCH_USER_PATHS = NO;
				CLANG_ANALYZER_NONNULL = YES;
				CLANG_ANALYZER_NUMBER_OBJECT_CONVERSION = YES_AGGRESSIVE;
				CLANG_CXX_LANGUAGE_STANDARD = "gnu++14";
				CLANG_CXX_LIBRARY = "libc++";
				CLANG_ENABLE_MODULES = YES;
				CLANG_ENABLE_OBJC_ARC = YES;
				CLANG_ENABLE_OBJC_WEAK = YES;
				CLANG_WARN_BLOCK_CAPTURE_AUTORELEASING = YES;
				CLANG_WARN_BOOL_CONVERSION = YES;
				CLANG_WARN_COMMA = YES;
				CLANG_WARN_CONSTANT_CONVERSION = YES;
				CLANG_WARN_DEPRECATED_OBJC_IMPLEMENTATIONS = YES;
				CLANG_WARN_DIRECT_OBJC_ISA_USAGE = YES_ERROR;
				CLANG_WARN_DOCUMENTATION_COMMENTS = YES;
				CLANG_WARN_EMPTY_BODY = YES;
				CLANG_WARN_ENUM_CONVERSION = YES;
				CLANG_WARN_INFINITE_RECURSION = YES;
				CLANG_WARN_INT_CONVERSION = YES;
				CLANG_WARN_NON_LITERAL_NULL_CONVERSION = YES;
				CLANG_WARN_OBJC_IMPLICIT_RETAIN_SELF = YES;
				CLANG_WARN_OBJC_LITERAL_CONVERSION = YES;
				CLANG_WARN_OBJC_ROOT_CLASS = YES_ERROR;
				CLANG_WARN_QUOTED_INCLUDE_IN_FRAMEWORK_HEADER = YES;
				CLANG_WARN_RANGE_LOOP_ANALYSIS = YES;
				CLANG_WARN_STRICT_PROTOTYPES = YES;
				CLANG_WARN_SUSPICIOUS_MOVE = YES;
				CLANG_WARN_UNGUARDED_AVAILABILITY = YES_AGGRESSIVE;
				CLANG_WARN_UNREACHABLE_CODE = YES;
				CLANG_WARN__DUPLICATE_METHOD_MATCH = YES;
				COPY_PHASE_STRIP = NO;
				DEBUG_INFORMATION_FORMAT = dwarf;
				ENABLE_STRICT_OBJC_MSGSEND = YES;
				ENABLE_TESTABILITY = YES;
				GCC_C_LANGUAGE_STANDARD = gnu11;
				GCC_DYNAMIC_NO_PIC = NO;
				GCC_NO_COMMON_BLOCKS = YES;
				GCC_OPTIMIZATION_LEVEL = 0;
				GCC_PREPROCESSOR_DEFINITIONS = (
					"DEBUG=1",
					"$(inherited)",
				);
				GCC_WARN_64_TO_32_BIT_CONVERSION = YES;
				GCC_WARN_ABOUT_RETURN_TYPE = YES_ERROR;
				GCC_WARN_UNDECLARED_SELECTOR = YES;
				GCC_WARN_UNINITIALIZED_AUTOS = YES_AGGRESSIVE;
				GCC_WARN_UNUSED_FUNCTION = YES;
				GCC_WARN_UNUSED_VARIABLE = YES;
				IPHONEOS_DEPLOYMENT_TARGET = 14.4;
				MTL_ENABLE_DEBUG_INFO = INCLUDE_SOURCE;
				MTL_FAST_MATH = YES;
				ONLY_ACTIVE_ARCH = YES;
				SDKROOT = iphoneos;
				SWIFT_ACTIVE_COMPILATION_CONDITIONS = DEBUG;
				SWIFT_OPTIMIZATION_LEVEL = "-Onone";
			};
			name = Debug;
		};
		FC8DFF7C26009C0E00671E5E /* Release */ = {
			isa = XCBuildConfiguration;
			buildSettings = {
				ALWAYS_SEARCH_USER_PATHS = NO;
				CLANG_ANALYZER_NONNULL = YES;
				CLANG_ANALYZER_NUMBER_OBJECT_CONVERSION = YES_AGGRESSIVE;
				CLANG_CXX_LANGUAGE_STANDARD = "gnu++14";
				CLANG_CXX_LIBRARY = "libc++";
				CLANG_ENABLE_MODULES = YES;
				CLANG_ENABLE_OBJC_ARC = YES;
				CLANG_ENABLE_OBJC_WEAK = YES;
				CLANG_WARN_BLOCK_CAPTURE_AUTORELEASING = YES;
				CLANG_WARN_BOOL_CONVERSION = YES;
				CLANG_WARN_COMMA = YES;
				CLANG_WARN_CONSTANT_CONVERSION = YES;
				CLANG_WARN_DEPRECATED_OBJC_IMPLEMENTATIONS = YES;
				CLANG_WARN_DIRECT_OBJC_ISA_USAGE = YES_ERROR;
				CLANG_WARN_DOCUMENTATION_COMMENTS = YES;
				CLANG_WARN_EMPTY_BODY = YES;
				CLANG_WARN_ENUM_CONVERSION = YES;
				CLANG_WARN_INFINITE_RECURSION = YES;
				CLANG_WARN_INT_CONVERSION = YES;
				CLANG_WARN_NON_LITERAL_NULL_CONVERSION = YES;
				CLANG_WARN_OBJC_IMPLICIT_RETAIN_SELF = YES;
				CLANG_WARN_OBJC_LITERAL_CONVERSION = YES;
				CLANG_WARN_OBJC_ROOT_CLASS = YES_ERROR;
				CLANG_WARN_QUOTED_INCLUDE_IN_FRAMEWORK_HEADER = YES;
				CLANG_WARN_RANGE_LOOP_ANALYSIS = YES;
				CLANG_WARN_STRICT_PROTOTYPES = YES;
				CLANG_WARN_SUSPICIOUS_MOVE = YES;
				CLANG_WARN_UNGUARDED_AVAILABILITY = YES_AGGRESSIVE;
				CLANG_WARN_UNREACHABLE_CODE = YES;
				CLANG_WARN__DUPLICATE_METHOD_MATCH = YES;
				COPY_PHASE_STRIP = NO;
				DEBUG_INFORMATION_FORMAT = "dwarf-with-dsym";
				ENABLE_NS_ASSERTIONS = NO;
				ENABLE_STRICT_OBJC_MSGSEND = YES;
				GCC_C_LANGUAGE_STANDARD = gnu11;
				GCC_NO_COMMON_BLOCKS = YES;
				GCC_WARN_64_TO_32_BIT_CONVERSION = YES;
				GCC_WARN_ABOUT_RETURN_TYPE = YES_ERROR;
				GCC_WARN_UNDECLARED_SELECTOR = YES;
				GCC_WARN_UNINITIALIZED_AUTOS = YES_AGGRESSIVE;
				GCC_WARN_UNUSED_FUNCTION = YES;
				GCC_WARN_UNUSED_VARIABLE = YES;
				IPHONEOS_DEPLOYMENT_TARGET = 14.4;
				MTL_ENABLE_DEBUG_INFO = NO;
				MTL_FAST_MATH = YES;
				SDKROOT = iphoneos;
				SWIFT_COMPILATION_MODE = wholemodule;
				SWIFT_OPTIMIZATION_LEVEL = "-O";
				VALIDATE_PRODUCT = YES;
			};
			name = Release;
		};
		FC8DFF7E26009C0E00671E5E /* Debug */ = {
			isa = XCBuildConfiguration;
			buildSettings = {
				ASSETCATALOG_COMPILER_APPICON_NAME = AppIcon;
				ASSETCATALOG_COMPILER_GLOBAL_ACCENT_COLOR_NAME = AccentColor;
				CODE_SIGN_STYLE = Automatic;
				INFOPLIST_FILE = Ibrahim/Info.plist;
				LD_RUNPATH_SEARCH_PATHS = (
					"$(inherited)",
					"@executable_path/Frameworks",
				);
				PRODUCT_BUNDLE_IDENTIFIER = ios.mdot.Ibrahim;
				PRODUCT_NAME = "$(TARGET_NAME)";
				SWIFT_VERSION = 5.0;
				TARGETED_DEVICE_FAMILY = "1,2";
			};
			name = Debug;
		};
		FC8DFF7F26009C0E00671E5E /* Release */ = {
			isa = XCBuildConfiguration;
			buildSettings = {
				ASSETCATALOG_COMPILER_APPICON_NAME = AppIcon;
				ASSETCATALOG_COMPILER_GLOBAL_ACCENT_COLOR_NAME = AccentColor;
				CODE_SIGN_STYLE = Automatic;
				INFOPLIST_FILE = Ibrahim/Info.plist;
				LD_RUNPATH_SEARCH_PATHS = (
					"$(inherited)",
					"@executable_path/Frameworks",
				);
				PRODUCT_BUNDLE_IDENTIFIER = ios.mdot.Ibrahim;
				PRODUCT_NAME = "$(TARGET_NAME)";
				SWIFT_VERSION = 5.0;
				TARGETED_DEVICE_FAMILY = "1,2";
			};
			name = Release;
		};
/* End XCBuildConfiguration section */

/* Begin XCConfigurationList section */
		FC8DFF6426009BEE00671E5E /* Build configuration list for PBXProject "Ibrahim" */ = {
			isa = XCConfigurationList;
			buildConfigurations = (
				FC8DFF7B26009C0E00671E5E /* Debug */,
				FC8DFF7C26009C0E00671E5E /* Release */,
			);
			defaultConfigurationIsVisible = 0;
			defaultConfigurationName = Release;
		};
		FC8DFF7D26009C0E00671E5E /* Build configuration list for PBXNativeTarget "Ibrahim" */ = {
			isa = XCConfigurationList;
			buildConfigurations = (
				FC8DFF7E26009C0E00671E5E /* Debug */,
				FC8DFF7F26009C0E00671E5E /* Release */,
			);
			defaultConfigurationIsVisible = 0;
			defaultConfigurationName = Release;
		};
/* End XCConfigurationList section */
	};
	rootObject = FC8DFF6126009BEE00671E5E /* Project object */;
}
